
Microsoft Visual Studio Solution File, Format Version 12.00
# Visual Studio Version 17
VisualStudioVersion = 17.9.34723.18
MinimumVisualStudioVersion = 10.0.40219.1
Project("{FAE04EC0-301F-11D3-BF4B-00C04F79EFBC}") = "KafkaConsumer", "KafkaService\KafkaConsumer.csproj", "{98624780-4530-4EEA-A264-FA2F676EC0DB}"
EndProject
Project("{FAE04EC0-301F-11D3-BF4B-00C04F79EFBC}") = "KafkaProducer", "KafkaProducer\KafkaProducer.csproj", "{944092B0-30A0-4EBF-9687-17EEAD82E254}"
EndProject
Global
	GlobalSection(SolutionConfigurationPlatforms) = preSolution
		Debug|Any CPU = Debug|Any CPU
		Release|Any CPU = Release|Any CPU
	EndGlobalSection
	GlobalSection(ProjectConfigurationPlatforms) = postSolution
		{98624780-4530-4EEA-A264-FA2F676EC0DB}.Debug|Any CPU.ActiveCfg = Debug|Any CPU
		{98624780-4530-4EEA-A264-FA2F676EC0DB}.Debug|Any CPU.Build.0 = Debug|Any CPU
		{98624780-4530-4EEA-A264-FA2F676EC0DB}.Release|Any CPU.ActiveCfg = Release|Any CPU
		{98624780-4530-4EEA-A264-FA2F676EC0DB}.Release|Any CPU.Build.0 = Release|Any CPU
		{944092B0-30A0-4EBF-9687-17EEAD82E254}.Debug|Any CPU.ActiveCfg = Debug|Any CPU
		{944092B0-30A0-4EBF-9687-17EEAD82E254}.Debug|Any CPU.Build.0 = Debug|Any CPU
		{944092B0-30A0-4EBF-9687-17EEAD82E254}.Release|Any CPU.ActiveCfg = Release|Any CPU
		{944092B0-30A0-4EBF-9687-17EEAD82E254}.Release|Any CPU.Build.0 = Release|Any CPU
	EndGlobalSection
	GlobalSection(SolutionProperties) = preSolution
		HideSolutionNode = FALSE
	EndGlobalSection
	GlobalSection(ExtensibilityGlobals) = postSolution
		SolutionGuid = {768978F3-1304-468F-BDC9-1B4365C0E46D}
	EndGlobalSection
EndGlobal
